
Microsoft Visual Studio Solution File, Format Version 12.00
Project("{FAE04EC0-301F-11D3-BF4B-00C04F79EFBC}") = "lab3", "lab3\lab3.csproj", "{717E07D4-B869-404A-8386-6B31A82C83BF}"
EndProject
Global
	GlobalSection(SolutionConfigurationPlatforms) = preSolution
		Debug|Any CPU = Debug|Any CPU
		Release|Any CPU = Release|Any CPU
	EndGlobalSection
	GlobalSection(ProjectConfigurationPlatforms) = postSolution
		{717E07D4-B869-404A-8386-6B31A82C83BF}.Debug|Any CPU.ActiveCfg = Debug|Any CPU
		{717E07D4-B869-404A-8386-6B31A82C83BF}.Debug|Any CPU.Build.0 = Debug|Any CPU
		{717E07D4-B869-404A-8386-6B31A82C83BF}.Release|Any CPU.ActiveCfg = Release|Any CPU
		{717E07D4-B869-404A-8386-6B31A82C83BF}.Release|Any CPU.Build.0 = Release|Any CPU
	EndGlobalSection
EndGlobal
